// !$*UTF8*$!
{
	archiveVersion = 1;
	classes = {
	};
	objectVersion = 46;
	objects = {

/* Begin PBXBuildFile section */
		A66917D61EB96C860021DC8D /* AppDelegate.swift in Sources */ = {isa = PBXBuildFile; fileRef = A66917D51EB96C860021DC8D /* AppDelegate.swift */; };
		A66917D81EB96C860021DC8D /* ViewController.swift in Sources */ = {isa = PBXBuildFile; fileRef = A66917D71EB96C860021DC8D /* ViewController.swift */; };
		A66917DB1EB96C860021DC8D /* Main.storyboard in Resources */ = {isa = PBXBuildFile; fileRef = A66917D91EB96C860021DC8D /* Main.storyboard */; };
		A66917DD1EB96C860021DC8D /* Assets.xcassets in Resources */ = {isa = PBXBuildFile; fileRef = A66917DC1EB96C860021DC8D /* Assets.xcassets */; };
		A66917E01EB96C860021DC8D /* LaunchScreen.storyboard in Resources */ = {isa = PBXBuildFile; fileRef = A66917DE1EB96C860021DC8D /* LaunchScreen.storyboard */; };
		A66917EB1EB96C860021DC8D /* _2_RouteTutorialTests.swift in Sources */ = {isa = PBXBuildFile; fileRef = A66917EA1EB96C860021DC8D /* _2_RouteTutorialTests.swift */; };
		A66917F71EB96C8F0021DC8D /* MapKit.framework in Frameworks */ = {isa = PBXBuildFile; fileRef = A66917F61EB96C8F0021DC8D /* MapKit.framework */; };
/* End PBXBuildFile section */

/* Begin PBXContainerItemProxy section */
		A66917E71EB96C860021DC8D /* PBXContainerItemProxy */ = {
			isa = PBXContainerItemProxy;
			containerPortal = A66917CA1EB96C860021DC8D /* Project object */;
			proxyType = 1;
			remoteGlobalIDString = A66917D11EB96C860021DC8D;
			remoteInfo = "12-RouteTutorial";
		};
/* End PBXContainerItemProxy section */

/* Begin PBXFileReference section */
		A66917D21EB96C860021DC8D /* 12-RouteTutorial.app */ = {isa = PBXFileReference; explicitFileType = wrapper.application; includeInIndex = 0; path = "12-RouteTutorial.app"; sourceTree = BUILT_PRODUCTS_DIR; };
		A66917D51EB96C860021DC8D /* AppDelegate.swift */ = {isa = PBXFileReference; lastKnownFileType = sourcecode.swift; path = AppDelegate.swift; sourceTree = "<group>"; };
		A66917D71EB96C860021DC8D /* ViewController.swift */ = {isa = PBXFileReference; lastKnownFileType = sourcecode.swift; path = ViewController.swift; sourceTree = "<group>"; };
		A66917DA1EB96C860021DC8D /* Base */ = {isa = PBXFileReference; lastKnownFileType = file.storyboard; name = Base; path = Base.lproj/Main.storyboard; sourceTree = "<group>"; };
		A66917DC1EB96C860021DC8D /* Assets.xcassets */ = {isa = PBXFileReference; lastKnownFileType = folder.assetcatalog; path = Assets.xcassets; sourceTree = "<group>"; };
		A66917DF1EB96C860021DC8D /* Base */ = {isa = PBXFileReference; lastKnownFileType = file.storyboard; name = Base; path = Base.lproj/LaunchScreen.storyboard; sourceTree = "<group>"; };
		A66917E11EB96C860021DC8D /* Info.plist */ = {isa = PBXFileReference; lastKnownFileType = text.plist.xml; path = Info.plist; sourceTree = "<group>"; };
		A66917E61EB96C860021DC8D /* 12-RouteTutorialTests.xctest */ = {isa = PBXFileReference; explicitFileType = wrapper.cfbundle; includeInIndex = 0; path = "12-RouteTutorialTests.xctest"; sourceTree = BUILT_PRODUCTS_DIR; };
		A66917EA1EB96C860021DC8D /* _2_RouteTutorialTests.swift */ = {isa = PBXFileReference; lastKnownFileType = sourcecode.swift; path = _2_RouteTutorialTests.swift; sourceTree = "<group>"; };
		A66917EC1EB96C860021DC8D /* Info.plist */ = {isa = PBXFileReference; lastKnownFileType = text.plist.xml; path = Info.plist; sourceTree = "<group>"; };
		A66917F61EB96C8F0021DC8D /* MapKit.framework */ = {isa = PBXFileReference; lastKnownFileType = wrapper.framework; name = MapKit.framework; path = System/Library/Frameworks/MapKit.framework; sourceTree = SDKROOT; };
/* End PBXFileReference section */

/* Begin PBXFrameworksBuildPhase section */
		A66917CF1EB96C860021DC8D /* Frameworks */ = {
			isa = PBXFrameworksBuildPhase;
			buildActionMask = 2147483647;
			files = (
				A66917F71EB96C8F0021DC8D /* MapKit.framework in Frameworks */,
			);
			runOnlyForDeploymentPostprocessing = 0;
		};
		A66917E31EB96C860021DC8D /* Frameworks */ = {
			isa = PBXFrameworksBuildPhase;
			buildActionMask = 2147483647;
			files = (
			);
			runOnlyForDeploymentPostprocessing = 0;
		};
/* End PBXFrameworksBuildPhase section */

/* Begin PBXGroup section */
		A66917C91EB96C860021DC8D = {
			isa = PBXGroup;
			children = (
				A66917D41EB96C860021DC8D /* 12-RouteTutorial */,
				A66917E91EB96C860021DC8D /* 12-RouteTutorialTests */,
				A66917D31EB96C860021DC8D /* Products */,
				A66917F51EB96C8F0021DC8D /* Frameworks */,
			);
			sourceTree = "<group>";
		};
		A66917D31EB96C860021DC8D /* Products */ = {
			isa = PBXGroup;
			children = (
				A66917D21EB96C860021DC8D /* 12-RouteTutorial.app */,
				A66917E61EB96C860021DC8D /* 12-RouteTutorialTests.xctest */,
			);
			name = Products;
			sourceTree = "<group>";
		};
		A66917D41EB96C860021DC8D /* 12-RouteTutorial */ = {
			isa = PBXGroup;
			children = (
				A66917D51EB96C860021DC8D /* AppDelegate.swift */,
				A66917D71EB96C860021DC8D /* ViewController.swift */,
				A66917D91EB96C860021DC8D /* Main.storyboard */,
				A66917DC1EB96C860021DC8D /* Assets.xcassets */,
				A66917DE1EB96C860021DC8D /* LaunchScreen.storyboard */,
				A66917E11EB96C860021DC8D /* Info.plist */,
			);
			path = "12-RouteTutorial";
			sourceTree = "<group>";
		};
		A66917E91EB96C860021DC8D /* 12-RouteTutorialTests */ = {
			isa = PBXGroup;
			children = (
				A66917EA1EB96C860021DC8D /* _2_RouteTutorialTests.swift */,
				A66917EC1EB96C860021DC8D /* Info.plist */,
			);
			path = "12-RouteTutorialTests";
			sourceTree = "<group>";
		};
		A66917F51EB96C8F0021DC8D /* Frameworks */ = {
			isa = PBXGroup;
			children = (
				A66917F61EB96C8F0021DC8D /* MapKit.framework */,
			);
			name = Frameworks;
			sourceTree = "<group>";
		};
/* End PBXGroup section */

/* Begin PBXNativeTarget section */
		A66917D11EB96C860021DC8D /* 12-RouteTutorial */ = {
			isa = PBXNativeTarget;
			buildConfigurationList = A66917EF1EB96C860021DC8D /* Build configuration list for PBXNativeTarget "12-RouteTutorial" */;
			buildPhases = (
				A66917CE1EB96C860021DC8D /* Sources */,
				A66917CF1EB96C860021DC8D /* Frameworks */,
				A66917D01EB96C860021DC8D /* Resources */,
			);
			buildRules = (
			);
			dependencies = (
			);
			name = "12-RouteTutorial";
			productName = "12-RouteTutorial";
			productReference = A66917D21EB96C860021DC8D /* 12-RouteTutorial.app */;
			productType = "com.apple.product-type.application";
		};
		A66917E51EB96C860021DC8D /* 12-RouteTutorialTests */ = {
			isa = PBXNativeTarget;
			buildConfigurationList = A66917F21EB96C860021DC8D /* Build configuration list for PBXNativeTarget "12-RouteTutorialTests" */;
			buildPhases = (
				A66917E21EB96C860021DC8D /* Sources */,
				A66917E31EB96C860021DC8D /* Frameworks */,
				A66917E41EB96C860021DC8D /* Resources */,
			);
			buildRules = (
			);
			dependencies = (
				A66917E81EB96C860021DC8D /* PBXTargetDependency */,
			);
			name = "12-RouteTutorialTests";
			productName = "12-RouteTutorialTests";
			productReference = A66917E61EB96C860021DC8D /* 12-RouteTutorialTests.xctest */;
			productType = "com.apple.product-type.bundle.unit-test";
		};
/* End PBXNativeTarget section */

/* Begin PBXProject section */
		A66917CA1EB96C860021DC8D /* Project object */ = {
			isa = PBXProject;
			attributes = {
				LastSwiftUpdateCheck = 0830;
				LastUpgradeCheck = 0830;
				ORGANIZATIONNAME = daixianglong;
				TargetAttributes = {
					A66917D11EB96C860021DC8D = {
						CreatedOnToolsVersion = 8.3.1;
						DevelopmentTeam = 7X7BCW9NVG;
						ProvisioningStyle = Automatic;
						SystemCapabilities = {
							com.apple.Maps.iOS = {
								enabled = 1;
							};
						};
					};
					A66917E51EB96C860021DC8D = {
						CreatedOnToolsVersion = 8.3.1;
						DevelopmentTeam = 7X7BCW9NVG;
						ProvisioningStyle = Automatic;
						TestTargetID = A66917D11EB96C860021DC8D;
					};
				};
			};
			buildConfigurationList = A66917CD1EB96C860021DC8D /* Build configuration list for PBXProject "12-RouteTutorial" */;
			compatibilityVersion = "Xcode 3.2";
			developmentRegion = English;
			hasScannedForEncodings = 0;
			knownRegions = (
				en,
				Base,
			);
			mainGroup = A66917C91EB96C860021DC8D;
			productRefGroup = A66917D31EB96C860021DC8D /* Products */;
			projectDirPath = "";
			projectRoot = "";
			targets = (
				A66917D11EB96C860021DC8D /* 12-RouteTutorial */,
				A66917E51EB96C860021DC8D /* 12-RouteTutorialTests */,
			);
		};
/* End PBXProject section */

/* Begin PBXResourcesBuildPhase section */
		A66917D01EB96C860021DC8D /* Resources */ = {
			isa = PBXResourcesBuildPhase;
			buildActionMask = 2147483647;
			files = (
				A66917E01EB96C860021DC8D /* LaunchScreen.storyboard in Resources */,
				A66917DD1EB96C860021DC8D /* Assets.xcassets in Resources */,
				A66917DB1EB96C860021DC8D /* Main.storyboard in Resources */,
			);
			runOnlyForDeploymentPostprocessing = 0;
		};
		A66917E41EB96C860021DC8D /* Resources */ = {
			isa = PBXResourcesBuildPhase;
			buildActionMask = 2147483647;
			files = (
			);
			runOnlyForDeploymentPostprocessing = 0;
		};
/* End PBXResourcesBuildPhase section */

/* Begin PBXSourcesBuildPhase section */
		A66917CE1EB96C860021DC8D /* Sources */ = {
			isa = PBXSourcesBuildPhase;
			buildActionMask = 2147483647;
			files = (
				A66917D81EB96C860021DC8D /* ViewController.swift in Sources */,
				A66917D61EB96C860021DC8D /* AppDelegate.swift in Sources */,
			);
			runOnlyForDeploymentPostprocessing = 0;
		};
		A66917E21EB96C860021DC8D /* Sources */ = {
			isa = PBXSourcesBuildPhase;
			buildActionMask = 2147483647;
			files = (
				A66917EB1EB96C860021DC8D /* _2_RouteTutorialTests.swift in Sources */,
			);
			runOnlyForDeploymentPostprocessing = 0;
		};
/* End PBXSourcesBuildPhase section */

/* Begin PBXTargetDependency section */
		A66917E81EB96C860021DC8D /* PBXTargetDependency */ = {
			isa = PBXTargetDependency;
			target = A66917D11EB96C860021DC8D /* 12-RouteTutorial */;
			targetProxy = A66917E71EB96C860021DC8D /* PBXContainerItemProxy */;
		};
/* End PBXTargetDependency section */

/* Begin PBXVariantGroup section */
		A66917D91EB96C860021DC8D /* Main.storyboard */ = {
			isa = PBXVariantGroup;
			children = (
				A66917DA1EB96C860021DC8D /* Base */,
			);
			name = Main.storyboard;
			sourceTree = "<group>";
		};
		A66917DE1EB96C860021DC8D /* LaunchScreen.storyboard */ = {
			isa = PBXVariantGroup;
			children = (
				A66917DF1EB96C860021DC8D /* Base */,
			);
			name = LaunchScreen.storyboard;
			sourceTree = "<group>";
		};
/* End PBXVariantGroup section */

/* Begin XCBuildConfiguration section */
		A66917ED1EB96C860021DC8D /* Debug */ = {
			isa = XCBuildConfiguration;
			buildSettings = {
				ALWAYS_SEARCH_USER_PATHS = NO;
				CLANG_ANALYZER_NONNULL = YES;
				CLANG_ANALYZER_NUMBER_OBJECT_CONVERSION = YES_AGGRESSIVE;
				CLANG_CXX_LANGUAGE_STANDARD = "gnu++0x";
				CLANG_CXX_LIBRARY = "libc++";
				CLANG_ENABLE_MODULES = YES;
				CLANG_ENABLE_OBJC_ARC = YES;
				CLANG_WARN_BOOL_CONVERSION = YES;
				CLANG_WARN_CONSTANT_CONVERSION = YES;
				CLANG_WARN_DIRECT_OBJC_ISA_USAGE = YES_ERROR;
				CLANG_WARN_DOCUMENTATION_COMMENTS = YES;
				CLANG_WARN_EMPTY_BODY = YES;
				CLANG_WARN_ENUM_CONVERSION = YES;
				CLANG_WARN_INFINITE_RECURSION = YES;
				CLANG_WARN_INT_CONVERSION = YES;
				CLANG_WARN_OBJC_ROOT_CLASS = YES_ERROR;
				CLANG_WARN_SUSPICIOUS_MOVE = YES;
				CLANG_WARN_UNREACHABLE_CODE = YES;
				CLANG_WARN__DUPLICATE_METHOD_MATCH = YES;
				"CODE_SIGN_IDENTITY[sdk=iphoneos*]" = "iPhone Developer";
				COPY_PHASE_STRIP = NO;
				DEBUG_INFORMATION_FORMAT = dwarf;
				ENABLE_STRICT_OBJC_MSGSEND = YES;
				ENABLE_TESTABILITY = YES;
				GCC_C_LANGUAGE_STANDARD = gnu99;
				GCC_DYNAMIC_NO_PIC = NO;
				GCC_NO_COMMON_BLOCKS = YES;
				GCC_OPTIMIZATION_LEVEL = 0;
				GCC_PREPROCESSOR_DEFINITIONS = (
					"DEBUG=1",
					"$(inherited)",
				);
				GCC_WARN_64_TO_32_BIT_CONVERSION = YES;
				GCC_WARN_ABOUT_RETURN_TYPE = YES_ERROR;
				GCC_WARN_UNDECLARED_SELECTOR = YES;
				GCC_WARN_UNINITIALIZED_AUTOS = YES_AGGRESSIVE;
				GCC_WARN_UNUSED_FUNCTION = YES;
				GCC_WARN_UNUSED_VARIABLE = YES;
				IPHONEOS_DEPLOYMENT_TARGET = 10.3;
				MTL_ENABLE_DEBUG_INFO = YES;
				ONLY_ACTIVE_ARCH = YES;
				SDKROOT = iphoneos;
				SWIFT_ACTIVE_COMPILATION_CONDITIONS = DEBUG;
				SWIFT_OPTIMIZATION_LEVEL = "-Onone";
			};
			name = Debug;
		};
		A66917EE1EB96C860021DC8D /* Release */ = {
			isa = XCBuildConfiguration;
			buildSettings = {
				ALWAYS_SEARCH_USER_PATHS = NO;
				CLANG_ANALYZER_NONNULL = YES;
				CLANG_ANALYZER_NUMBER_OBJECT_CONVERSION = YES_AGGRESSIVE;
				CLANG_CXX_LANGUAGE_STANDARD = "gnu++0x";
				CLANG_CXX_LIBRARY = "libc++";
				CLANG_ENABLE_MODULES = YES;
				CLANG_ENABLE_OBJC_ARC = YES;
				CLANG_WARN_BOOL_CONVERSION = YES;
				CLANG_WARN_CONSTANT_CONVERSION = YES;
				CLANG_WARN_DIRECT_OBJC_ISA_USAGE = YES_ERROR;
				CLANG_WARN_DOCUMENTATION_COMMENTS = YES;
				CLANG_WARN_EMPTY_BODY = YES;
				CLANG_WARN_ENUM_CONVERSION = YES;
				CLANG_WARN_INFINITE_RECURSION = YES;
				CLANG_WARN_INT_CONVERSION = YES;
				CLANG_WARN_OBJC_ROOT_CLASS = YES_ERROR;
				CLANG_WARN_SUSPICIOUS_MOVE = YES;
				CLANG_WARN_UNREACHABLE_CODE = YES;
				CLANG_WARN__DUPLICATE_METHOD_MATCH = YES;
				"CODE_SIGN_IDENTITY[sdk=iphoneos*]" = "iPhone Developer";
				COPY_PHASE_STRIP = NO;
				DEBUG_INFORMATION_FORMAT = "dwarf-with-dsym";
				ENABLE_NS_ASSERTIONS = NO;
				ENABLE_STRICT_OBJC_MSGSEND = YES;
				GCC_C_LANGUAGE_STANDARD = gnu99;
				GCC_NO_COMMON_BLOCKS = YES;
				GCC_WARN_64_TO_32_BIT_CONVERSION = YES;
				GCC_WARN_ABOUT_RETURN_TYPE = YES_ERROR;
				GCC_WARN_UNDECLARED_SELECTOR = YES;
				GCC_WARN_UNINITIALIZED_AUTOS = YES_AGGRESSIVE;
				GCC_WARN_UNUSED_FUNCTION = YES;
				GCC_WARN_UNUSED_VARIABLE = YES;
				IPHONEOS_DEPLOYMENT_TARGET = 10.3;
				MTL_ENABLE_DEBUG_INFO = NO;
				SDKROOT = iphoneos;
				SWIFT_OPTIMIZATION_LEVEL = "-Owholemodule";
				VALIDATE_PRODUCT = YES;
			};
			name = Release;
		};
		A66917F01EB96C860021DC8D /* Debug */ = {
			isa = XCBuildConfiguration;
			buildSettings = {
				ASSETCATALOG_COMPILER_APPICON_NAME = AppIcon;
				DEVELOPMENT_TEAM = 7X7BCW9NVG;
				INFOPLIST_FILE = "12-RouteTutorial/Info.plist";
				LD_RUNPATH_SEARCH_PATHS = "$(inherited) @executable_path/Frameworks";
				PRODUCT_BUNDLE_IDENTIFIER = "com.dxl.-2-RouteTutorial";
				PRODUCT_NAME = "$(TARGET_NAME)";
				SWIFT_VERSION = 3.0;
			};
			name = Debug;
		};
		A66917F11EB96C860021DC8D /* Release */ = {
			isa = XCBuildConfiguration;
			buildSettings = {
				ASSETCATALOG_COMPILER_APPICON_NAME = AppIcon;
				DEVELOPMENT_TEAM = 7X7BCW9NVG;
				INFOPLIST_FILE = "12-RouteTutorial/Info.plist";
				LD_RUNPATH_SEARCH_PATHS = "$(inherited) @executable_path/Frameworks";
				PRODUCT_BUNDLE_IDENTIFIER = "com.dxl.-2-RouteTutorial";
				PRODUCT_NAME = "$(TARGET_NAME)";
				SWIFT_VERSION = 3.0;
			};
			name = Release;
		};
		A66917F31EB96C860021DC8D /* Debug */ = {
			isa = XCBuildConfiguration;
			buildSettings = {
				ALWAYS_EMBED_SWIFT_STANDARD_LIBRARIES = YES;
				BUNDLE_LOADER = "$(TEST_HOST)";
				DEVELOPMENT_TEAM = 7X7BCW9NVG;
				INFOPLIST_FILE = "12-RouteTutorialTests/Info.plist";
				LD_RUNPATH_SEARCH_PATHS = "$(inherited) @executable_path/Frameworks @loader_path/Frameworks";
				PRODUCT_BUNDLE_IDENTIFIER = "com.dxl.-2-RouteTutorialTests";
				PRODUCT_NAME = "$(TARGET_NAME)";
				SWIFT_VERSION = 3.0;
				TEST_HOST = "$(BUILT_PRODUCTS_DIR)/12-RouteTutorial.app/12-RouteTutorial";
			};
			name = Debug;
		};
		A66917F41EB96C860021DC8D /* Release */ = {
			isa = XCBuildConfiguration;
			buildSettings = {
				ALWAYS_EMBED_SWIFT_STANDARD_LIBRARIES = YES;
				BUNDLE_LOADER = "$(TEST_HOST)";
				DEVELOPMENT_TEAM = 7X7BCW9NVG;
				INFOPLIST_FILE = "12-RouteTutorialTests/Info.plist";
				LD_RUNPATH_SEARCH_PATHS = "$(inherited) @executable_path/Frameworks @loader_path/Frameworks";
				PRODUCT_BUNDLE_IDENTIFIER = "com.dxl.-2-RouteTutorialTests";
				PRODUCT_NAME = "$(TARGET_NAME)";
				SWIFT_VERSION = 3.0;
				TEST_HOST = "$(BUILT_PRODUCTS_DIR)/12-RouteTutorial.app/12-RouteTutorial";
			};
			name = Release;
		};
/* End XCBuildConfiguration section */

/* Begin XCConfigurationList section */
		A66917CD1EB96C860021DC8D /* Build configuration list for PBXProject "12-RouteTutorial" */ = {
			isa = XCConfigurationList;
			buildConfigurations = (
				A66917ED1EB96C860021DC8D /* Debug */,
				A66917EE1EB96C860021DC8D /* Release */,
			);
			defaultConfigurationIsVisible = 0;
			defaultConfigurationName = Release;
		};
		A66917EF1EB96C860021DC8D /* Build configuration list for PBXNativeTarget "12-RouteTutorial" */ = {
			isa = XCConfigurationList;
			buildConfigurations = (
				A66917F01EB96C860021DC8D /* Debug */,
				A66917F11EB96C860021DC8D /* Release */,
			);
			defaultConfigurationIsVisible = 0;
		};
		A66917F21EB96C860021DC8D /* Build configuration list for PBXNativeTarget "12-RouteTutorialTests" */ = {
			isa = XCConfigurationList;
			buildConfigurations = (
				A66917F31EB96C860021DC8D /* Debug */,
				A66917F41EB96C860021DC8D /* Release */,
			);
			defaultConfigurationIsVisible = 0;
		};
/* End XCConfigurationList section */
	};
	rootObject = A66917CA1EB96C860021DC8D /* Project object */;
}
